
Microsoft Visual Studio Solution File, Format Version 12.00
# Visual Studio Version 16
VisualStudioVersion = 16.0.29926.136
MinimumVisualStudioVersion = 10.0.40219.1
Project("{FAE04EC0-301F-11D3-BF4B-00C04F79EFBC}") = "ContosoCrafts.WebSite", "ContosoCrafts.WebSite\ContosoCrafts.WebSite.csproj", "{EBF87B37-324B-4CD7-9BC8-77157D2EADEB}"
EndProject
Global
	GlobalSection(SolutionConfigurationPlatforms) = preSolution
		Debug|Any CPU = Debug|Any CPU
		Release|Any CPU = Release|Any CPU
	EndGlobalSection
	GlobalSection(ProjectConfigurationPlatforms) = postSolution
		{EBF87B37-324B-4CD7-9BC8-77157D2EADEB}.Debug|Any CPU.ActiveCfg = Debug|Any CPU
		{EBF87B37-324B-4CD7-9BC8-77157D2EADEB}.Debug|Any CPU.Build.0 = Debug|Any CPU
		{EBF87B37-324B-4CD7-9BC8-77157D2EADEB}.Release|Any CPU.ActiveCfg = Release|Any CPU
		{EBF87B37-324B-4CD7-9BC8-77157D2EADEB}.Release|Any CPU.Build.0 = Release|Any CPU
	EndGlobalSection
	GlobalSection(SolutionProperties) = preSolution
		HideSolutionNode = FALSE
	EndGlobalSection
	GlobalSection(ExtensibilityGlobals) = postSolution
		SolutionGuid = {B16E1098-20CF-44BB-BA76-CAF3EF0774FE}
	EndGlobalSection
EndGlobal
